mv_KeithleyS46RelayLock:
  class:
    module: unilabos.devices.community.mv_KeithleyS46RelayLock.driver:KeithleyS46RelayLock
    type: python
    status_types: {}
    action_value_mappings:
      auto-acquire:
        type: UniLabJsonCommand
        goal: {}
        feedback: {}
        result: {}
        schema:
          title: acquire
          type: object
          properties:
            goal:
              type: object
              properties: {}
        goal_default: {}
        handles: {}
      auto-release:
        type: UniLabJsonCommand
        goal: {}
        feedback: {}
        result: {}
        schema:
          title: release
          type: object
          properties:
            goal:
              type: object
              properties: {}
        goal_default: {}
        handles: {}
  name: KeithleyS46RelayLock
  description: KeithleyS46RelayLock (from microsoft__Qcodes)
  manufacturer: ''
  version: 1.0.0
  registry_type: device
  tags:
  - community
  - model_variant
  model:
    name: KeithleyS46RelayLock
    type: device
  source_repo: microsoft__Qcodes
